# This file is autogenerated, do not edit; changes may be undone by the next 'dep ensure'.


[[projects]]
  digest = "1:9a88883f474d09f1da61894cd8115c7f33988d6941e4f6236324c777aaff8f2c"
  name = "github.com/PuerkitoBio/goquery"
  packages = ["."]
  pruneopts = ""
  revision = "dc2ec5c7ca4d9aae063b79b9f581dd3ea6afd2b2"
  version = "v1.4.1"

[[projects]]
  digest = "1:055c07e4af5ddccc93ad394e04e85ca76c3cb2e067b18b97ac3ffd49cb04a339"
  name = "github.com/alecthomas/chroma"
  packages = [
    ".",
    "formatters/html",
    "lexers",
    "lexers/a",
    "lexers/b",
    "lexers/c",
    "lexers/circular",
    "lexers/d",
    "lexers/e",
    "lexers/f",
    "lexers/g",
    "lexers/h",
    "lexers/i",
    "lexers/internal",
    "lexers/j",
    "lexers/k",
    "lexers/l",
    "lexers/m",
    "lexers/n",
    "lexers/o",
    "lexers/p",
    "lexers/q",
    "lexers/r",
    "lexers/s",
    "lexers/t",
    "lexers/v",
    "lexers/w",
    "lexers/x",
    "lexers/y",
    "styles",
  ]
  pruneopts = ""
  revision = "5d7fef2ae60b501bbf28d476c3f273b8017d8261"
  version = "v0.5.0"

[[projects]]
  digest = "1:e3726ad6f38f710e84c8dcd0e830014de6eaeea81f28d91ae898afecc078479a"
  name = "github.com/andybalholm/cascadia"
  packages = ["."]
  pruneopts = ""
  revision = "901648c87902174f774fac311d7f176f8647bdaa"
  version = "v1.0.0"

[[projects]]
  branch = "master"
  digest = "1:2a42e33ccf17b837092b1363aaf455578bc28cc4a413f7780e2983cd535b8f93"
  name = "github.com/beevik/etree"
  packages = ["."]
  pruneopts = ""
  revision = "f2d93441e64237d24d3ea1091f8a20762026b8c0"

[[projects]]
  branch = "master"
  digest = "1:8f6c36ee73ded871996ada894e20dfecde56557d08b4d1849d5489076679971f"
  name = "github.com/danwakefield/fnmatch"
  packages = ["."]
  pruneopts = ""
  revision = "cbb64ac3d964b81592e64f957ad53df015803288"

[[projects]]
  digest = "1:556b75e96f02319585d253d262c4ce5dfdf4b28be474f1e0877c5f4f9b10cf9e"
  name = "github.com/dlclark/regexp2"
  packages = [
    ".",
    "syntax",
  ]
  pruneopts = ""
  revision = "487489b64fb796de2e55f4e8a4ad1e145f80e957"
  version = "v1.1.6"

[[projects]]
  digest = "1:2761e287c811d0948d47d0252b82281eca3801eb3c9d5f9530956643d5b9f430"
  name = "github.com/russross/blackfriday"
  packages = ["."]
  pruneopts = ""
  revision = "05f3235734ad95d0016f6a23902f06461fcf567a"
  version = "v1.5.2"

[[projects]]
  branch = "master"
  digest = "1:2572a527898d3259bef02863f0c45a8500eed4b263daae03028693e36a66441e"
  name = "github.com/sourcegraph/annotate"
  packages = ["."]
  pruneopts = ""
  revision = "f4cad6c6324d3f584e1743d8b3e0e017a5f3a636"

[[projects]]
  branch = "master"
  digest = "1:b2d735650965b30a58c303473b9ffb68f580674ddb06866848472d547f962b8f"
  name = "github.com/sourcegraph/syntaxhighlight"
  packages = ["."]
  pruneopts = ""
  revision = "bd320f5d308e1a3c4314c678d8227a0d72574ae7"

[[projects]]
  branch = "issue_5_fileconfig"
  digest = "1:7d45b58820816b9f2b5a526c35bfe263b2aa36e0ce09205afbcfa942608fcf7c"
  name = "github.com/zupzup/blog-generator"
  packages = [
    "cli",
    "config",
    "datasource",
    "generator",
  ]
  pruneopts = ""
  revision = "171527d83ac354145e2213ef9adee11d6f3215b2"

[[projects]]
  branch = "master"
  digest = "1:3b86e1cf4059ba6c2cf189f60655a16a8e32d221ed23c4137ac6b2adeaeccc52"
  name = "golang.org/x/net"
  packages = [
    "html",
    "html/atom",
  ]
  pruneopts = ""
  revision = "03003ca0c849e57b6ea29a4bab8d3cb6e4d568fe"

[[projects]]
  digest = "1:f0620375dd1f6251d9973b5f2596228cc8042e887cd7f827e4220bc1ce8c30e2"
  name = "gopkg.in/yaml.v2"
  packages = ["."]
  pruneopts = ""
  revision = "5420a8b6744d3b0345ab293f6fcba19c978f1183"
  version = "v2.2.1"

[solve-meta]
  analyzer-name = "dep"
  analyzer-version = 1
  input-imports = [
    "github.com/PuerkitoBio/goquery",
    "github.com/alecthomas/chroma/formatters/html",
    "github.com/alecthomas/chroma/lexers",
    "github.com/alecthomas/chroma/styles",
    "github.com/beevik/etree",
    "github.com/russross/blackfriday",
    "github.com/zupzup/blog-generator/cli",
    "github.com/zupzup/blog-generator/config",
    "github.com/zupzup/blog-generator/datasource",
    "github.com/zupzup/blog-generator/generator",
    "gopkg.in/yaml.v2",
  ]
  solver-name = "gps-cdcl"
  solver-version = 1
